
Microsoft Visual Studio Solution File, Format Version 12.00
# Visual Studio Version 17
VisualStudioVersion = 17.5.33627.172
MinimumVisualStudioVersion = 10.0.40219.1
Project("{FAE04EC0-301F-11D3-BF4B-00C04F79EFBC}") = "KanbanBoard.API", "KanbanBoard.API\KanbanBoard.API.csproj", "{719B982F-C7F9-4508-ABE0-6A6E7223610E}"
EndProject
Project("{FAE04EC0-301F-11D3-BF4B-00C04F79EFBC}") = "KanbanBoard.Domain", "KanbanBoard.Domain\KanbanBoard.Domain.csproj", "{79B1BE3A-8006-4746-8C62-8B70214B111A}"
EndProject
Project("{FAE04EC0-301F-11D3-BF4B-00C04F79EFBC}") = "KanbanBoard.DataAccess", "KanbanBoard.DataAccess\KanbanBoard.DataAccess.csproj", "{9A87145E-13EA-45C9-AC1C-6A2BFB9A8508}"
EndProject
Global
	GlobalSection(SolutionConfigurationPlatforms) = preSolution
		Debug|Any CPU = Debug|Any CPU
		Release|Any CPU = Release|Any CPU
	EndGlobalSection
	GlobalSection(ProjectConfigurationPlatforms) = postSolution
		{719B982F-C7F9-4508-ABE0-6A6E7223610E}.Debug|Any CPU.ActiveCfg = Debug|Any CPU
		{719B982F-C7F9-4508-ABE0-6A6E7223610E}.Debug|Any CPU.Build.0 = Debug|Any CPU
		{719B982F-C7F9-4508-ABE0-6A6E7223610E}.Release|Any CPU.ActiveCfg = Release|Any CPU
		{719B982F-C7F9-4508-ABE0-6A6E7223610E}.Release|Any CPU.Build.0 = Release|Any CPU
		{79B1BE3A-8006-4746-8C62-8B70214B111A}.Debug|Any CPU.ActiveCfg = Debug|Any CPU
		{79B1BE3A-8006-4746-8C62-8B70214B111A}.Debug|Any CPU.Build.0 = Debug|Any CPU
		{79B1BE3A-8006-4746-8C62-8B70214B111A}.Release|Any CPU.ActiveCfg = Release|Any CPU
		{79B1BE3A-8006-4746-8C62-8B70214B111A}.Release|Any CPU.Build.0 = Release|Any CPU
		{9A87145E-13EA-45C9-AC1C-6A2BFB9A8508}.Debug|Any CPU.ActiveCfg = Debug|Any CPU
		{9A87145E-13EA-45C9-AC1C-6A2BFB9A8508}.Debug|Any CPU.Build.0 = Debug|Any CPU
		{9A87145E-13EA-45C9-AC1C-6A2BFB9A8508}.Release|Any CPU.ActiveCfg = Release|Any CPU
		{9A87145E-13EA-45C9-AC1C-6A2BFB9A8508}.Release|Any CPU.Build.0 = Release|Any CPU
	EndGlobalSection
	GlobalSection(SolutionProperties) = preSolution
		HideSolutionNode = FALSE
	EndGlobalSection
	GlobalSection(ExtensibilityGlobals) = postSolution
		SolutionGuid = {FC9E2292-EE86-4B7E-827C-37505B0A5752}
	EndGlobalSection
EndGlobal
